
Microsoft Visual Studio Solution File, Format Version 12.00
Project("{FAE04EC0-301F-11D3-BF4B-00C04F79EFBC}") = "TodoApi", "TodoApi\TodoApi.csproj", "{6B5A97BA-9CE6-4C10-92E1-789C2C5FE3E8}"
EndProject
Global
	GlobalSection(SolutionConfigurationPlatforms) = preSolution
		Debug|Any CPU = Debug|Any CPU
		Release|Any CPU = Release|Any CPU
	EndGlobalSection
	GlobalSection(ProjectConfigurationPlatforms) = postSolution
		{6B5A97BA-9CE6-4C10-92E1-789C2C5FE3E8}.Debug|Any CPU.ActiveCfg = Debug|Any CPU
		{6B5A97BA-9CE6-4C10-92E1-789C2C5FE3E8}.Debug|Any CPU.Build.0 = Debug|Any CPU
		{6B5A97BA-9CE6-4C10-92E1-789C2C5FE3E8}.Release|Any CPU.ActiveCfg = Release|Any CPU
		{6B5A97BA-9CE6-4C10-92E1-789C2C5FE3E8}.Release|Any CPU.Build.0 = Release|Any CPU
	EndGlobalSection
EndGlobal
